// !$*UTF8*$!
{
	archiveVersion = 1;
	classes = {
	};
	objectVersion = 56;
	objects = {

/* Begin PBXBuildFile section */
		4D69A521ACF545EC0643C57A /* Pods_IqkeyboarManager_library_usage_example.framework in Frameworks */ = {isa = PBXBuildFile; fileRef = DAD1ED5AB5E596864EAD0C64 /* Pods_IqkeyboarManager_library_usage_example.framework */; };
		D0319E3429544A030035366E /* AppDelegate.swift in Sources */ = {isa = PBXBuildFile; fileRef = D0319E3329544A030035366E /* AppDelegate.swift */; };
		D0319E3629544A030035366E /* SceneDelegate.swift in Sources */ = {isa = PBXBuildFile; fileRef = D0319E3529544A030035366E /* SceneDelegate.swift */; };
		D0319E3829544A030035366E /* ViewController.swift in Sources */ = {isa = PBXBuildFile; fileRef = D0319E3729544A030035366E /* ViewController.swift */; };
		D0319E3B29544A030035366E /* Main.storyboard in Resources */ = {isa = PBXBuildFile; fileRef = D0319E3929544A030035366E /* Main.storyboard */; };
		D0319E3D29544A050035366E /* Assets.xcassets in Resources */ = {isa = PBXBuildFile; fileRef = D0319E3C29544A050035366E /* Assets.xcassets */; };
		D0319E4029544A050035366E /* LaunchScreen.storyboard in Resources */ = {isa = PBXBuildFile; fileRef = D0319E3E29544A050035366E /* LaunchScreen.storyboard */; };
/* End PBXBuildFile section */

/* Begin PBXFileReference section */
		13FF52E3F8FF19C647EF47EE /* Pods-IqkeyboarManager library usage example.debug.xcconfig */ = {isa = PBXFileReference; includeInIndex = 1; lastKnownFileType = text.xcconfig; name = "Pods-IqkeyboarManager library usage example.debug.xcconfig"; path = "Target Support Files/Pods-IqkeyboarManager library usage example/Pods-IqkeyboarManager library usage example.debug.xcconfig"; sourceTree = "<group>"; };
		4D9AF9FA7F8DA170CC8373FA /* Pods-IqkeyboarManager library usage example.release.xcconfig */ = {isa = PBXFileReference; includeInIndex = 1; lastKnownFileType = text.xcconfig; name = "Pods-IqkeyboarManager library usage example.release.xcconfig"; path = "Target Support Files/Pods-IqkeyboarManager library usage example/Pods-IqkeyboarManager library usage example.release.xcconfig"; sourceTree = "<group>"; };
		D0319E3029544A030035366E /* IqkeyboarManager library usage example.app */ = {isa = PBXFileReference; explicitFileType = wrapper.application; includeInIndex = 0; path = "IqkeyboarManager library usage example.app"; sourceTree = BUILT_PRODUCTS_DIR; };
		D0319E3329544A030035366E /* AppDelegate.swift */ = {isa = PBXFileReference; lastKnownFileType = sourcecode.swift; path = AppDelegate.swift; sourceTree = "<group>"; };
		D0319E3529544A030035366E /* SceneDelegate.swift */ = {isa = PBXFileReference; lastKnownFileType = sourcecode.swift; path = SceneDelegate.swift; sourceTree = "<group>"; };
		D0319E3729544A030035366E /* ViewController.swift */ = {isa = PBXFileReference; lastKnownFileType = sourcecode.swift; path = ViewController.swift; sourceTree = "<group>"; };
		D0319E3A29544A030035366E /* Base */ = {isa = PBXFileReference; lastKnownFileType = file.storyboard; name = Base; path = Base.lproj/Main.storyboard; sourceTree = "<group>"; };
		D0319E3C29544A050035366E /* Assets.xcassets */ = {isa = PBXFileReference; lastKnownFileType = folder.assetcatalog; path = Assets.xcassets; sourceTree = "<group>"; };
		D0319E3F29544A050035366E /* Base */ = {isa = PBXFileReference; lastKnownFileType = file.storyboard; name = Base; path = Base.lproj/LaunchScreen.storyboard; sourceTree = "<group>"; };
		D0319E4129544A050035366E /* Info.plist */ = {isa = PBXFileReference; lastKnownFileType = text.plist.xml; path = Info.plist; sourceTree = "<group>"; };
		DAD1ED5AB5E596864EAD0C64 /* Pods_IqkeyboarManager_library_usage_example.framework */ = {isa = PBXFileReference; explicitFileType = wrapper.framework; includeInIndex = 0; path = Pods_IqkeyboarManager_library_usage_example.framework; sourceTree = BUILT_PRODUCTS_DIR; };
/* End PBXFileReference section */

/* Begin PBXFrameworksBuildPhase section */
		D0319E2D29544A030035366E /* Frameworks */ = {
			isa = PBXFrameworksBuildPhase;
			buildActionMask = 2147483647;
			files = (
				4D69A521ACF545EC0643C57A /* Pods_IqkeyboarManager_library_usage_example.framework in Frameworks */,
			);
			runOnlyForDeploymentPostprocessing = 0;
		};
/* End PBXFrameworksBuildPhase section */

/* Begin PBXGroup section */
		6045C91E9186C0430CFFAF1C /* Frameworks */ = {
			isa = PBXGroup;
			children = (
				DAD1ED5AB5E596864EAD0C64 /* Pods_IqkeyboarManager_library_usage_example.framework */,
			);
			name = Frameworks;
			sourceTree = "<group>";
		};
		D0319E2729544A030035366E = {
			isa = PBXGroup;
			children = (
				D0319E3229544A030035366E /* IqkeyboarManager library usage example */,
				D0319E3129544A030035366E /* Products */,
				FB2C3F539F04AC12DD45F91B /* Pods */,
				6045C91E9186C0430CFFAF1C /* Frameworks */,
			);
			sourceTree = "<group>";
		};
		D0319E3129544A030035366E /* Products */ = {
			isa = PBXGroup;
			children = (
				D0319E3029544A030035366E /* IqkeyboarManager library usage example.app */,
			);
			name = Products;
			sourceTree = "<group>";
		};
		D0319E3229544A030035366E /* IqkeyboarManager library usage example */ = {
			isa = PBXGroup;
			children = (
				D0319E3329544A030035366E /* AppDelegate.swift */,
				D0319E3529544A030035366E /* SceneDelegate.swift */,
				D0319E3729544A030035366E /* ViewController.swift */,
				D0319E3929544A030035366E /* Main.storyboard */,
				D0319E3C29544A050035366E /* Assets.xcassets */,
				D0319E3E29544A050035366E /* LaunchScreen.storyboard */,
				D0319E4129544A050035366E /* Info.plist */,
			);
			path = "IqkeyboarManager library usage example";
			sourceTree = "<group>";
		};
		FB2C3F539F04AC12DD45F91B /* Pods */ = {
			isa = PBXGroup;
			children = (
				13FF52E3F8FF19C647EF47EE /* Pods-IqkeyboarManager library usage example.debug.xcconfig */,
				4D9AF9FA7F8DA170CC8373FA /* Pods-IqkeyboarManager library usage example.release.xcconfig */,
			);
			name = Pods;
			path = Pods;
			sourceTree = "<group>";
		};
/* End PBXGroup section */

/* Begin PBXNativeTarget section */
		D0319E2F29544A030035366E /* IqkeyboarManager library usage example */ = {
			isa = PBXNativeTarget;
			buildConfigurationList = D0319E4429544A050035366E /* Build configuration list for PBXNativeTarget "IqkeyboarManager library usage example" */;
			buildPhases = (
				51F6DE98841373E0C5EE6471 /* [CP] Check Pods Manifest.lock */,
				D0319E2C29544A030035366E /* Sources */,
				D0319E2D29544A030035366E /* Frameworks */,
				D0319E2E29544A030035366E /* Resources */,
				B6E65B1C1838EF7122493A96 /* [CP] Embed Pods Frameworks */,
			);
			buildRules = (
			);
			dependencies = (
			);
			name = "IqkeyboarManager library usage example";
			productName = "IqkeyboarManager library usage example";
			productReference = D0319E3029544A030035366E /* IqkeyboarManager library usage example.app */;
			productType = "com.apple.product-type.application";
		};
/* End PBXNativeTarget section */

/* Begin PBXProject section */
		D0319E2829544A030035366E /* Project object */ = {
			isa = PBXProject;
			attributes = {
				BuildIndependentTargetsInParallel = 1;
				LastSwiftUpdateCheck = 1420;
				LastUpgradeCheck = 1420;
				TargetAttributes = {
					D0319E2F29544A030035366E = {
						CreatedOnToolsVersion = 14.2;
					};
				};
			};
			buildConfigurationList = D0319E2B29544A030035366E /* Build configuration list for PBXProject "IqkeyboarManager library usage example" */;
			compatibilityVersion = "Xcode 14.0";
			developmentRegion = en;
			hasScannedForEncodings = 0;
			knownRegions = (
				en,
				Base,
			);
			mainGroup = D0319E2729544A030035366E;
			productRefGroup = D0319E3129544A030035366E /* Products */;
			projectDirPath = "";
			projectRoot = "";
			targets = (
				D0319E2F29544A030035366E /* IqkeyboarManager library usage example */,
			);
		};
/* End PBXProject section */

/* Begin PBXResourcesBuildPhase section */
		D0319E2E29544A030035366E /* Resources */ = {
			isa = PBXResourcesBuildPhase;
			buildActionMask = 2147483647;
			files = (
				D0319E4029544A050035366E /* LaunchScreen.storyboard in Resources */,
				D0319E3D29544A050035366E /* Assets.xcassets in Resources */,
				D0319E3B29544A030035366E /* Main.storyboard in Resources */,
			);
			runOnlyForDeploymentPostprocessing = 0;
		};
/* End PBXResourcesBuildPhase section */

/* Begin PBXShellScriptBuildPhase section */
		51F6DE98841373E0C5EE6471 /* [CP] Check Pods Manifest.lock */ = {
			isa = PBXShellScriptBuildPhase;
			buildActionMask = 2147483647;
			files = (
			);
			inputFileListPaths = (
			);
			inputPaths = (
				"${PODS_PODFILE_DIR_PATH}/Podfile.lock",
				"${PODS_ROOT}/Manifest.lock",
			);
			name = "[CP] Check Pods Manifest.lock";
			outputFileListPaths = (
			);
			outputPaths = (
				"$(DERIVED_FILE_DIR)/Pods-IqkeyboarManager library usage example-checkManifestLockResult.txt",
			);
			runOnlyForDeploymentPostprocessing = 0;
			shellPath = /bin/sh;
			shellScript = "diff \"${PODS_PODFILE_DIR_PATH}/Podfile.lock\" \"${PODS_ROOT}/Manifest.lock\" > /dev/null\nif [ $? != 0 ] ; then\n    # print error to STDERR\n    echo \"error: The sandbox is not in sync with the Podfile.lock. Run 'pod install' or update your CocoaPods installation.\" >&2\n    exit 1\nfi\n# This output is used by Xcode 'outputs' to avoid re-running this script phase.\necho \"SUCCESS\" > \"${SCRIPT_OUTPUT_FILE_0}\"\n";
			showEnvVarsInLog = 0;
		};
		B6E65B1C1838EF7122493A96 /* [CP] Embed Pods Frameworks */ = {
			isa = PBXShellScriptBuildPhase;
			buildActionMask = 2147483647;
			files = (
			);
			inputFileListPaths = (
				"${PODS_ROOT}/Target Support Files/Pods-IqkeyboarManager library usage example/Pods-IqkeyboarManager library usage example-frameworks-${CONFIGURATION}-input-files.xcfilelist",
			);
			name = "[CP] Embed Pods Frameworks";
			outputFileListPaths = (
				"${PODS_ROOT}/Target Support Files/Pods-IqkeyboarManager library usage example/Pods-IqkeyboarManager library usage example-frameworks-${CONFIGURATION}-output-files.xcfilelist",
			);
			runOnlyForDeploymentPostprocessing = 0;
			shellPath = /bin/sh;
			shellScript = "\"${PODS_ROOT}/Target Support Files/Pods-IqkeyboarManager library usage example/Pods-IqkeyboarManager library usage example-frameworks.sh\"\n";
			showEnvVarsInLog = 0;
		};
/* End PBXShellScriptBuildPhase section */

/* Begin PBXSourcesBuildPhase section */
		D0319E2C29544A030035366E /* Sources */ = {
			isa = PBXSourcesBuildPhase;
			buildActionMask = 2147483647;
			files = (
				D0319E3829544A030035366E /* ViewController.swift in Sources */,
				D0319E3429544A030035366E /* AppDelegate.swift in Sources */,
				D0319E3629544A030035366E /* SceneDelegate.swift in Sources */,
			);
			runOnlyForDeploymentPostprocessing = 0;
		};
/* End PBXSourcesBuildPhase section */

/* Begin PBXVariantGroup section */
		D0319E3929544A030035366E /* Main.storyboard */ = {
			isa = PBXVariantGroup;
			children = (
				D0319E3A29544A030035366E /* Base */,
			);
			name = Main.storyboard;
			sourceTree = "<group>";
		};
		D0319E3E29544A050035366E /* LaunchScreen.storyboard */ = {
			isa = PBXVariantGroup;
			children = (
				D0319E3F29544A050035366E /* Base */,
			);
			name = LaunchScreen.storyboard;
			sourceTree = "<group>";
		};
/* End PBXVariantGroup section */

/* Begin XCBuildConfiguration section */
		D0319E4229544A050035366E /* Debug */ = {
			isa = XCBuildConfiguration;
			buildSettings = {
				ALWAYS_SEARCH_USER_PATHS = NO;
				CLANG_ANALYZER_NONNULL = YES;
				CLANG_ANALYZER_NUMBER_OBJECT_CONVERSION = YES_AGGRESSIVE;
				CLANG_CXX_LANGUAGE_STANDARD = "gnu++20";
				CLANG_ENABLE_MODULES = YES;
				CLANG_ENABLE_OBJC_ARC = YES;
				CLANG_ENABLE_OBJC_WEAK = YES;
				CLANG_WARN_BLOCK_CAPTURE_AUTORELEASING = YES;
				CLANG_WARN_BOOL_CONVERSION = YES;
				CLANG_WARN_COMMA = YES;
				CLANG_WARN_CONSTANT_CONVERSION = YES;
				CLANG_WARN_DEPRECATED_OBJC_IMPLEMENTATIONS = YES;
				CLANG_WARN_DIRECT_OBJC_ISA_USAGE = YES_ERROR;
				CLANG_WARN_DOCUMENTATION_COMMENTS = YES;
				CLANG_WARN_EMPTY_BODY = YES;
				CLANG_WARN_ENUM_CONVERSION = YES;
				CLANG_WARN_INFINITE_RECURSION = YES;
				CLANG_WARN_INT_CONVERSION = YES;
				CLANG_WARN_NON_LITERAL_NULL_CONVERSION = YES;
				CLANG_WARN_OBJC_IMPLICIT_RETAIN_SELF = YES;
				CLANG_WARN_OBJC_LITERAL_CONVERSION = YES;
				CLANG_WARN_OBJC_ROOT_CLASS = YES_ERROR;
				CLANG_WARN_QUOTED_INCLUDE_IN_FRAMEWORK_HEADER = YES;
				CLANG_WARN_RANGE_LOOP_ANALYSIS = YES;
				CLANG_WARN_STRICT_PROTOTYPES = YES;
				CLANG_WARN_SUSPICIOUS_MOVE = YES;
				CLANG_WARN_UNGUARDED_AVAILABILITY = YES_AGGRESSIVE;
				CLANG_WARN_UNREACHABLE_CODE = YES;
				CLANG_WARN__DUPLICATE_METHOD_MATCH = YES;
				COPY_PHASE_STRIP = NO;
				DEBUG_INFORMATION_FORMAT = dwarf;
				ENABLE_STRICT_OBJC_MSGSEND = YES;
				ENABLE_TESTABILITY = YES;
				GCC_C_LANGUAGE_STANDARD = gnu11;
				GCC_DYNAMIC_NO_PIC = NO;
				GCC_NO_COMMON_BLOCKS = YES;
				GCC_OPTIMIZATION_LEVEL = 0;
				GCC_PREPROCESSOR_DEFINITIONS = (
					"DEBUG=1",
					"$(inherited)",
				);
				GCC_WARN_64_TO_32_BIT_CONVERSION = YES;
				GCC_WARN_ABOUT_RETURN_TYPE = YES_ERROR;
				GCC_WARN_UNDECLARED_SELECTOR = YES;
				GCC_WARN_UNINITIALIZED_AUTOS = YES_AGGRESSIVE;
				GCC_WARN_UNUSED_FUNCTION = YES;
				GCC_WARN_UNUSED_VARIABLE = YES;
				IPHONEOS_DEPLOYMENT_TARGET = 16.2;
				MTL_ENABLE_DEBUG_INFO = INCLUDE_SOURCE;
				MTL_FAST_MATH = YES;
				ONLY_ACTIVE_ARCH = YES;
				SDKROOT = iphoneos;
				SWIFT_ACTIVE_COMPILATION_CONDITIONS = DEBUG;
				SWIFT_OPTIMIZATION_LEVEL = "-Onone";
			};
			name = Debug;
		};
		D0319E4329544A050035366E /* Release */ = {
			isa = XCBuildConfiguration;
			buildSettings = {
				ALWAYS_SEARCH_USER_PATHS = NO;
				CLANG_ANALYZER_NONNULL = YES;
				CLANG_ANALYZER_NUMBER_OBJECT_CONVERSION = YES_AGGRESSIVE;
				CLANG_CXX_LANGUAGE_STANDARD = "gnu++20";
				CLANG_ENABLE_MODULES = YES;
				CLANG_ENABLE_OBJC_ARC = YES;
				CLANG_ENABLE_OBJC_WEAK = YES;
				CLANG_WARN_BLOCK_CAPTURE_AUTORELEASING = YES;
				CLANG_WARN_BOOL_CONVERSION = YES;
				CLANG_WARN_COMMA = YES;
				CLANG_WARN_CONSTANT_CONVERSION = YES;
				CLANG_WARN_DEPRECATED_OBJC_IMPLEMENTATIONS = YES;
				CLANG_WARN_DIRECT_OBJC_ISA_USAGE = YES_ERROR;
				CLANG_WARN_DOCUMENTATION_COMMENTS = YES;
				CLANG_WARN_EMPTY_BODY = YES;
				CLANG_WARN_ENUM_CONVERSION = YES;
				CLANG_WARN_INFINITE_RECURSION = YES;
				CLANG_WARN_INT_CONVERSION = YES;
				CLANG_WARN_NON_LITERAL_NULL_CONVERSION = YES;
				CLANG_WARN_OBJC_IMPLICIT_RETAIN_SELF = YES;
				CLANG_WARN_OBJC_LITERAL_CONVERSION = YES;
				CLANG_WARN_OBJC_ROOT_CLASS = YES_ERROR;
				CLANG_WARN_QUOTED_INCLUDE_IN_FRAMEWORK_HEADER = YES;
				CLANG_WARN_RANGE_LOOP_ANALYSIS = YES;
				CLANG_WARN_STRICT_PROTOTYPES = YES;
				CLANG_WARN_SUSPICIOUS_MOVE = YES;
				CLANG_WARN_UNGUARDED_AVAILABILITY = YES_AGGRESSIVE;
				CLANG_WARN_UNREACHABLE_CODE = YES;
				CLANG_WARN__DUPLICATE_METHOD_MATCH = YES;
				COPY_PHASE_STRIP = NO;
				DEBUG_INFORMATION_FORMAT = "dwarf-with-dsym";
				ENABLE_NS_ASSERTIONS = NO;
				ENABLE_STRICT_OBJC_MSGSEND = YES;
				GCC_C_LANGUAGE_STANDARD = gnu11;
				GCC_NO_COMMON_BLOCKS = YES;
				GCC_WARN_64_TO_32_BIT_CONVERSION = YES;
				GCC_WARN_ABOUT_RETURN_TYPE = YES_ERROR;
				GCC_WARN_UNDECLARED_SELECTOR = YES;
				GCC_WARN_UNINITIALIZED_AUTOS = YES_AGGRESSIVE;
				GCC_WARN_UNUSED_FUNCTION = YES;
				GCC_WARN_UNUSED_VARIABLE = YES;
				IPHONEOS_DEPLOYMENT_TARGET = 16.2;
				MTL_ENABLE_DEBUG_INFO = NO;
				MTL_FAST_MATH = YES;
				SDKROOT = iphoneos;
				SWIFT_COMPILATION_MODE = wholemodule;
				SWIFT_OPTIMIZATION_LEVEL = "-O";
				VALIDATE_PRODUCT = YES;
			};
			name = Release;
		};
		D0319E4529544A050035366E /* Debug */ = {
			isa = XCBuildConfiguration;
			baseConfigurationReference = 13FF52E3F8FF19C647EF47EE /* Pods-IqkeyboarManager library usage example.debug.xcconfig */;
			buildSettings = {
				ASSETCATALOG_COMPILER_APPICON_NAME = AppIcon;
				ASSETCATALOG_COMPILER_GLOBAL_ACCENT_COLOR_NAME = AccentColor;
				CODE_SIGN_STYLE = Automatic;
				CURRENT_PROJECT_VERSION = 1;
				DEVELOPMENT_TEAM = 8G29UAGG95;
				GENERATE_INFOPLIST_FILE = YES;
				INFOPLIST_FILE = "IqkeyboarManager library usage example/Info.plist";
				INFOPLIST_KEY_UIApplicationSupportsIndirectInputEvents = YES;
				INFOPLIST_KEY_UILaunchStoryboardName = LaunchScreen;
				INFOPLIST_KEY_UIMainStoryboardFile = Main;
				INFOPLIST_KEY_UISupportedInterfaceOrientations_iPad = "UIInterfaceOrientationPortrait UIInterfaceOrientationPortraitUpsideDown UIInterfaceOrientationLandscapeLeft UIInterfaceOrientationLandscapeRight";
				INFOPLIST_KEY_UISupportedInterfaceOrientations_iPhone = "UIInterfaceOrientationPortrait UIInterfaceOrientationLandscapeLeft UIInterfaceOrientationLandscapeRight";
				LD_RUNPATH_SEARCH_PATHS = (
					"$(inherited)",
					"@executable_path/Frameworks",
				);
				MARKETING_VERSION = 1.0;
				PRODUCT_BUNDLE_IDENTIFIER = "com.abdullahsivil.IqkeyboarManager-library-usage-example";
				PRODUCT_NAME = "$(TARGET_NAME)";
				SWIFT_EMIT_LOC_STRINGS = YES;
				SWIFT_VERSION = 5.0;
				TARGETED_DEVICE_FAMILY = "1,2";
			};
			name = Debug;
		};
		D0319E4629544A050035366E /* Release */ = {
			isa = XCBuildConfiguration;
			baseConfigurationReference = 4D9AF9FA7F8DA170CC8373FA /* Pods-IqkeyboarManager library usage example.release.xcconfig */;
			buildSettings = {
				ASSETCATALOG_COMPILER_APPICON_NAME = AppIcon;
				ASSETCATALOG_COMPILER_GLOBAL_ACCENT_COLOR_NAME = AccentColor;
				CODE_SIGN_STYLE = Automatic;
				CURRENT_PROJECT_VERSION = 1;
				DEVELOPMENT_TEAM = 8G29UAGG95;
				GENERATE_INFOPLIST_FILE = YES;
				INFOPLIST_FILE = "IqkeyboarManager library usage example/Info.plist";
				INFOPLIST_KEY_UIApplicationSupportsIndirectInputEvents = YES;
				INFOPLIST_KEY_UILaunchStoryboardName = LaunchScreen;
				INFOPLIST_KEY_UIMainStoryboardFile = Main;
				INFOPLIST_KEY_UISupportedInterfaceOrientations_iPad = "UIInterfaceOrientationPortrait UIInterfaceOrientationPortraitUpsideDown UIInterfaceOrientationLandscapeLeft UIInterfaceOrientationLandscapeRight";
				INFOPLIST_KEY_UISupportedInterfaceOrientations_iPhone = "UIInterfaceOrientationPortrait UIInterfaceOrientationLandscapeLeft UIInterfaceOrientationLandscapeRight";
				LD_RUNPATH_SEARCH_PATHS = (
					"$(inherited)",
					"@executable_path/Frameworks",
				);
				MARKETING_VERSION = 1.0;
				PRODUCT_BUNDLE_IDENTIFIER = "com.abdullahsivil.IqkeyboarManager-library-usage-example";
				PRODUCT_NAME = "$(TARGET_NAME)";
				SWIFT_EMIT_LOC_STRINGS = YES;
				SWIFT_VERSION = 5.0;
				TARGETED_DEVICE_FAMILY = "1,2";
			};
			name = Release;
		};
/* End XCBuildConfiguration section */

/* Begin XCConfigurationList section */
		D0319E2B29544A030035366E /* Build configuration list for PBXProject "IqkeyboarManager library usage example" */ = {
			isa = XCConfigurationList;
			buildConfigurations = (
				D0319E4229544A050035366E /* Debug */,
				D0319E4329544A050035366E /* Release */,
			);
			defaultConfigurationIsVisible = 0;
			defaultConfigurationName = Release;
		};
		D0319E4429544A050035366E /* Build configuration list for PBXNativeTarget "IqkeyboarManager library usage example" */ = {
			isa = XCConfigurationList;
			buildConfigurations = (
				D0319E4529544A050035366E /* Debug */,
				D0319E4629544A050035366E /* Release */,
			);
			defaultConfigurationIsVisible = 0;
			defaultConfigurationName = Release;
		};
/* End XCConfigurationList section */
	};
	rootObject = D0319E2829544A030035366E /* Project object */;
}
